
Microsoft Visual Studio Solution File, Format Version 12.00
# Visual Studio Version 17
VisualStudioVersion = 17.5.002.0
MinimumVisualStudioVersion = 10.0.40219.1
Project("{9A19103F-16F7-4668-BE54-9A1E7A4F7556}") = "backend", "backend\backend.csproj", "{1D0FEA18-3895-43E4-A600-02AB4C59738D}"
EndProject
Project("{9A19103F-16F7-4668-BE54-9A1E7A4F7556}") = "frontend", "frontend\frontend.csproj", "{4514F182-2926-46B7-99C5-D00DFD401933}"
EndProject
Global
	GlobalSection(SolutionConfigurationPlatforms) = preSolution
		Debug|Any CPU = Debug|Any CPU
		Release|Any CPU = Release|Any CPU
	EndGlobalSection
	GlobalSection(ProjectConfigurationPlatforms) = postSolution
		{1D0FEA18-3895-43E4-A600-02AB4C59738D}.Debug|Any CPU.ActiveCfg = Debug|Any CPU
		{1D0FEA18-3895-43E4-A600-02AB4C59738D}.Debug|Any CPU.Build.0 = Debug|Any CPU
		{1D0FEA18-3895-43E4-A600-02AB4C59738D}.Release|Any CPU.ActiveCfg = Release|Any CPU
		{1D0FEA18-3895-43E4-A600-02AB4C59738D}.Release|Any CPU.Build.0 = Release|Any CPU
		{4514F182-2926-46B7-99C5-D00DFD401933}.Debug|Any CPU.ActiveCfg = Debug|Any CPU
		{4514F182-2926-46B7-99C5-D00DFD401933}.Debug|Any CPU.Build.0 = Debug|Any CPU
		{4514F182-2926-46B7-99C5-D00DFD401933}.Release|Any CPU.ActiveCfg = Release|Any CPU
		{4514F182-2926-46B7-99C5-D00DFD401933}.Release|Any CPU.Build.0 = Release|Any CPU
	EndGlobalSection
	GlobalSection(SolutionProperties) = preSolution
		HideSolutionNode = FALSE
	EndGlobalSection
	GlobalSection(ExtensibilityGlobals) = postSolution
		SolutionGuid = {CCF7BCC1-9372-42E5-8D46-B798E58526B0}
	EndGlobalSection
EndGlobal
